
Microsoft Visual Studio Solution File, Format Version 12.00
# Visual Studio Version 17
VisualStudioVersion = 17.8.34322.80
MinimumVisualStudioVersion = 10.0.40219.1
Project("{54A90642-561A-4BB1-A94E-469ADEE60C69}") = "babyfront", "Babyfront\babyfront.esproj", "{A757FE80-E713-4629-B2D4-27B9B14D4948}"
EndProject
Project("{FAE04EC0-301F-11D3-BF4B-00C04F79EFBC}") = "Babystack", "Babystack\Babystack.csproj", "{59F4B3DC-A595-4EEE-B70A-3DE2169EB7CF}"
EndProject
Global
	GlobalSection(SolutionConfigurationPlatforms) = preSolution
		Debug|Any CPU = Debug|Any CPU
		Release|Any CPU = Release|Any CPU
	EndGlobalSection
	GlobalSection(ProjectConfigurationPlatforms) = postSolution
		{59F4B3DC-A595-4EEE-B70A-3DE2169EB7CF}.Debug|Any CPU.ActiveCfg = Debug|Any CPU
		{59F4B3DC-A595-4EEE-B70A-3DE2169EB7CF}.Debug|Any CPU.Build.0 = Debug|Any CPU
		{59F4B3DC-A595-4EEE-B70A-3DE2169EB7CF}.Release|Any CPU.ActiveCfg = Release|Any CPU
		{59F4B3DC-A595-4EEE-B70A-3DE2169EB7CF}.Release|Any CPU.Build.0 = Release|Any CPU
		{A757FE80-E713-4629-B2D4-27B9B14D4948}.Debug|Any CPU.ActiveCfg = Debug|Any CPU
		{A757FE80-E713-4629-B2D4-27B9B14D4948}.Debug|Any CPU.Build.0 = Debug|Any CPU
		{A757FE80-E713-4629-B2D4-27B9B14D4948}.Debug|Any CPU.Deploy.0 = Debug|Any CPU
		{A757FE80-E713-4629-B2D4-27B9B14D4948}.Release|Any CPU.ActiveCfg = Release|Any CPU
		{A757FE80-E713-4629-B2D4-27B9B14D4948}.Release|Any CPU.Build.0 = Release|Any CPU
		{A757FE80-E713-4629-B2D4-27B9B14D4948}.Release|Any CPU.Deploy.0 = Release|Any CPU
	EndGlobalSection
	GlobalSection(SolutionProperties) = preSolution
		HideSolutionNode = FALSE
	EndGlobalSection
	GlobalSection(ExtensibilityGlobals) = postSolution
		SolutionGuid = {66A0643D-41C3-4CC9-83E7-C10F0117C215}
	EndGlobalSection
EndGlobal
